{
  "name": "Proyecto-Integrador",
  "lockfileVersion": 3,
  "requires": true,
  "packages": {
    "": {
      "dependencies": {
        "sweetalert2": "^11.10.2"
      }
    },
    "node_modules/sweetalert2": {
      "version": "11.10.2",
      "resolved": "https://registry.npmjs.org/sweetalert2/-/sweetalert2-11.10.2.tgz",
      "integrity": "sha512-BYlIxGw6OF9Rw2z1wlnh1U+fvHHkvtg4BGyimV9nZxQRGvCBfx9uonxgwuYpJuYqCtM+2W1KOm8iMIEb/2v7Hg==",
      "funding": {
        "type": "individual",
        "url": "https://github.com/sponsors/limonte"
      }
    }
  }
}
